
Microsoft Visual Studio Solution File, Format Version 12.00
# Visual Studio 14
VisualStudioVersion = 14.0.25420.1
MinimumVisualStudioVersion = 10.0.40219.1
Project("{FAE04EC0-301F-11D3-BF4B-00C04F79EFBC}") = "rbush.net", "rbush.net\rbush.net.csproj", "{9277DFC3-2C06-492F-A436-5B594FACA4EC}"
EndProject
Project("{FAE04EC0-301F-11D3-BF4B-00C04F79EFBC}") = "Test", "Test\Test.csproj", "{CE73CCBA-8131-41C1-91EA-C1E5EE3AD2AD}"
EndProject
Project("{D954291E-2A0B-460D-934E-DC6B0785DB48}") = "SharedRBush.Net", "rbush.net\SharedRBush.Net.shproj", "{838A57B6-8107-4B9A-94E7-EB470CE783CC}"
EndProject
Global
	GlobalSection(SharedMSBuildProjectFiles) = preSolution
		rbush.net\SharedRBush.Net.projitems*{838a57b6-8107-4b9a-94e7-eb470ce783cc}*SharedItemsImports = 13
	EndGlobalSection
	GlobalSection(SolutionConfigurationPlatforms) = preSolution
		Debug|Any CPU = Debug|Any CPU
		Release|Any CPU = Release|Any CPU
	EndGlobalSection
	GlobalSection(ProjectConfigurationPlatforms) = postSolution
		{9277DFC3-2C06-492F-A436-5B594FACA4EC}.Debug|Any CPU.ActiveCfg = Debug|Any CPU
		{9277DFC3-2C06-492F-A436-5B594FACA4EC}.Debug|Any CPU.Build.0 = Debug|Any CPU
		{9277DFC3-2C06-492F-A436-5B594FACA4EC}.Release|Any CPU.ActiveCfg = Release|Any CPU
		{9277DFC3-2C06-492F-A436-5B594FACA4EC}.Release|Any CPU.Build.0 = Release|Any CPU
		{CE73CCBA-8131-41C1-91EA-C1E5EE3AD2AD}.Debug|Any CPU.ActiveCfg = Debug|Any CPU
		{CE73CCBA-8131-41C1-91EA-C1E5EE3AD2AD}.Debug|Any CPU.Build.0 = Debug|Any CPU
		{CE73CCBA-8131-41C1-91EA-C1E5EE3AD2AD}.Release|Any CPU.ActiveCfg = Release|Any CPU
		{CE73CCBA-8131-41C1-91EA-C1E5EE3AD2AD}.Release|Any CPU.Build.0 = Release|Any CPU
	EndGlobalSection
	GlobalSection(SolutionProperties) = preSolution
		HideSolutionNode = FALSE
	EndGlobalSection
EndGlobal
